
Microsoft Visual Studio Solution File, Format Version 12.00
# Visual Studio Version 17
VisualStudioVersion = 17.14.36301.6 d17.14
MinimumVisualStudioVersion = 10.0.40219.1
Project("{FAE04EC0-301F-11D3-BF4B-00C04F79EFBC}") = "Vista", "Vista\Vista.csproj", "{AC5F1C72-3DB2-4112-B36F-BDCE578E7AA7}"
EndProject
Project("{FAE04EC0-301F-11D3-BF4B-00C04F79EFBC}") = "Datos", "Datos\Datos.csproj", "{1654C13C-B0C2-449E-BE48-F25AF65773E0}"
EndProject
Project("{FAE04EC0-301F-11D3-BF4B-00C04F79EFBC}") = "Logica", "Logica\Logica.csproj", "{20CFD965-7195-42C4-870E-791C2DA0AF99}"
EndProject
Global
	GlobalSection(SolutionConfigurationPlatforms) = preSolution
		Debug|Any CPU = Debug|Any CPU
		Release|Any CPU = Release|Any CPU
	EndGlobalSection
	GlobalSection(ProjectConfigurationPlatforms) = postSolution
		{AC5F1C72-3DB2-4112-B36F-BDCE578E7AA7}.Debug|Any CPU.ActiveCfg = Debug|Any CPU
		{AC5F1C72-3DB2-4112-B36F-BDCE578E7AA7}.Debug|Any CPU.Build.0 = Debug|Any CPU
		{AC5F1C72-3DB2-4112-B36F-BDCE578E7AA7}.Release|Any CPU.ActiveCfg = Release|Any CPU
		{AC5F1C72-3DB2-4112-B36F-BDCE578E7AA7}.Release|Any CPU.Build.0 = Release|Any CPU
		{1654C13C-B0C2-449E-BE48-F25AF65773E0}.Debug|Any CPU.ActiveCfg = Debug|Any CPU
		{1654C13C-B0C2-449E-BE48-F25AF65773E0}.Debug|Any CPU.Build.0 = Debug|Any CPU
		{1654C13C-B0C2-449E-BE48-F25AF65773E0}.Release|Any CPU.ActiveCfg = Release|Any CPU
		{1654C13C-B0C2-449E-BE48-F25AF65773E0}.Release|Any CPU.Build.0 = Release|Any CPU
		{20CFD965-7195-42C4-870E-791C2DA0AF99}.Debug|Any CPU.ActiveCfg = Debug|Any CPU
		{20CFD965-7195-42C4-870E-791C2DA0AF99}.Debug|Any CPU.Build.0 = Debug|Any CPU
		{20CFD965-7195-42C4-870E-791C2DA0AF99}.Release|Any CPU.ActiveCfg = Release|Any CPU
		{20CFD965-7195-42C4-870E-791C2DA0AF99}.Release|Any CPU.Build.0 = Release|Any CPU
	EndGlobalSection
	GlobalSection(SolutionProperties) = preSolution
		HideSolutionNode = FALSE
	EndGlobalSection
	GlobalSection(ExtensibilityGlobals) = postSolution
		SolutionGuid = {C4111958-FFAF-4A1F-B662-EF68BEBF6501}
	EndGlobalSection
EndGlobal
